
Microsoft Visual Studio Solution File, Format Version 12.00
# Visual Studio Version 17
VisualStudioVersion = 17.8.34330.188
MinimumVisualStudioVersion = 10.0.40219.1
Project("{9A19103F-16F7-4668-BE54-9A1E7A4F7556}") = "BusinessObject", "BusinessObject\BusinessObject.csproj", "{1091254D-8762-48CC-99D1-983886FFA4B3}"
EndProject
Project("{9A19103F-16F7-4668-BE54-9A1E7A4F7556}") = "DataAccessObject", "DataAccessObject\DataAccessObject.csproj", "{9FEBE3FB-DDFA-4E2B-8243-A21FD72EAB3A}"
EndProject
Project("{9A19103F-16F7-4668-BE54-9A1E7A4F7556}") = "Repository", "Repository\Repository.csproj", "{C36A5C67-2CBD-4CB2-A37C-B93D4F23C155}"
EndProject
Project("{9A19103F-16F7-4668-BE54-9A1E7A4F7556}") = "Service", "Service\Service.csproj", "{C0D7CD25-7ACB-4606-8D83-EB19F9A6A5C6}"
EndProject
Project("{FAE04EC0-301F-11D3-BF4B-00C04F79EFBC}") = "RazorPages", "RazorPages\RazorPages.csproj", "{9FF08100-D8AE-4D37-A34E-E8D144929B16}"
EndProject
Global
	GlobalSection(SolutionConfigurationPlatforms) = preSolution
		Debug|Any CPU = Debug|Any CPU
		Release|Any CPU = Release|Any CPU
	EndGlobalSection
	GlobalSection(ProjectConfigurationPlatforms) = postSolution
		{1091254D-8762-48CC-99D1-983886FFA4B3}.Debug|Any CPU.ActiveCfg = Debug|Any CPU
		{1091254D-8762-48CC-99D1-983886FFA4B3}.Debug|Any CPU.Build.0 = Debug|Any CPU
		{1091254D-8762-48CC-99D1-983886FFA4B3}.Release|Any CPU.ActiveCfg = Release|Any CPU
		{1091254D-8762-48CC-99D1-983886FFA4B3}.Release|Any CPU.Build.0 = Release|Any CPU
		{9FEBE3FB-DDFA-4E2B-8243-A21FD72EAB3A}.Debug|Any CPU.ActiveCfg = Debug|Any CPU
		{9FEBE3FB-DDFA-4E2B-8243-A21FD72EAB3A}.Debug|Any CPU.Build.0 = Debug|Any CPU
		{9FEBE3FB-DDFA-4E2B-8243-A21FD72EAB3A}.Release|Any CPU.ActiveCfg = Release|Any CPU
		{9FEBE3FB-DDFA-4E2B-8243-A21FD72EAB3A}.Release|Any CPU.Build.0 = Release|Any CPU
		{C36A5C67-2CBD-4CB2-A37C-B93D4F23C155}.Debug|Any CPU.ActiveCfg = Debug|Any CPU
		{C36A5C67-2CBD-4CB2-A37C-B93D4F23C155}.Debug|Any CPU.Build.0 = Debug|Any CPU
		{C36A5C67-2CBD-4CB2-A37C-B93D4F23C155}.Release|Any CPU.ActiveCfg = Release|Any CPU
		{C36A5C67-2CBD-4CB2-A37C-B93D4F23C155}.Release|Any CPU.Build.0 = Release|Any CPU
		{C0D7CD25-7ACB-4606-8D83-EB19F9A6A5C6}.Debug|Any CPU.ActiveCfg = Debug|Any CPU
		{C0D7CD25-7ACB-4606-8D83-EB19F9A6A5C6}.Debug|Any CPU.Build.0 = Debug|Any CPU
		{C0D7CD25-7ACB-4606-8D83-EB19F9A6A5C6}.Release|Any CPU.ActiveCfg = Release|Any CPU
		{C0D7CD25-7ACB-4606-8D83-EB19F9A6A5C6}.Release|Any CPU.Build.0 = Release|Any CPU
		{9FF08100-D8AE-4D37-A34E-E8D144929B16}.Debug|Any CPU.ActiveCfg = Debug|Any CPU
		{9FF08100-D8AE-4D37-A34E-E8D144929B16}.Debug|Any CPU.Build.0 = Debug|Any CPU
		{9FF08100-D8AE-4D37-A34E-E8D144929B16}.Release|Any CPU.ActiveCfg = Release|Any CPU
		{9FF08100-D8AE-4D37-A34E-E8D144929B16}.Release|Any CPU.Build.0 = Release|Any CPU
	EndGlobalSection
	GlobalSection(SolutionProperties) = preSolution
		HideSolutionNode = FALSE
	EndGlobalSection
	GlobalSection(ExtensibilityGlobals) = postSolution
		SolutionGuid = {A45758DA-7B32-4691-B796-4F70597E7FFC}
	EndGlobalSection
EndGlobal
